buf.build/gen/go/catou/transit-radar/connectrpc/go v1.19.1-20251017072010-ae2a9f9d5b9c.2 h1:sWUzCweAjgd0ZpMJ5qO0p/zj4fyR3py5/IPnHa2m1pE=
buf.build/gen/go/catou/transit-radar/connectrpc/go v1.19.1-20251017072010-ae2a9f9d5b9c.2/go.mod h1:7avfeRzaBz0KWkQCYMks+p9WP0Dq240fZDQzmiEW988=
buf.build/gen/go/catou/transit-radar/protocolbuffers/go v1.36.10-20251017072010-ae2a9f9d5b9c.1 h1:P6QXd+Ylf2SCiyE0nQuB9HsoYPXq7+51lZxbPWV5nmI=
buf.build/gen/go/catou/transit-radar/protocolbuffers/go v1.36.10-20251017072010-ae2a9f9d5b9c.1/go.mod h1:2YqfaSb00ilHJ5HgYB+4HdBuQngXfcNvziPu/JALXbc=
connectrpc.com/connect v1.19.1 h1:R5M57z05+90EfEvCY1b7hBxDVOUl45PrtXtAV2fOC14=
connectrpc.com/connect v1.19.1/go.mod h1:tN20fjdGlewnSFeZxLKb0xwIZ6ozc3OQs2hTXy4du9w=
github.com/cenkalti/backoff/v5 v5.0.3 h1:ZN+IMa753KfX5hd8vVaMixjnqRZ3y8CuJKRKj1xcsSM=
github.com/cenkalti/backoff/v5 v5.0.3/go.mod h1:rkhZdG3JZukswDf7f0cwqPNk4K0sa+F97BxZthm/crw=
github.com/google/go-cmp v0.7.0 h1:wk8382ETsv4JYUZwIsn6YpYiWiBsYLSJiTsyBybVuN8=
github.com/google/go-cmp v0.7.0/go.mod h1:pXiqmnSA92OHEEa9HXL2W4E7lf9JzCmGVUdgjX3N/iU=
github.com/google/uuid v1.6.0 h1:NIvaJDMOsjHA8n1jAhLSgzrAzy1Hgr+hNrb57e+94F0=
github.com/google/uuid v1.6.0/go.mod h1:TIyPZe4MgqvfeYDBFedMoGGpEw/LqOeaOT+nhxU+yHo=
google.golang.org/protobuf v1.36.10 h1:AYd7cD/uASjIL6Q9LiTjz8JLcrh/88q5UObnmY3aOOE=
google.golang.org/protobuf v1.36.10/go.mod h1:HTf+CrKn2C3g5S8VImy6tdcUvCska2kB7j23XfzDpco=
